
Microsoft Visual Studio Solution File, Format Version 12.00
# Visual Studio Version 17
VisualStudioVersion = 17.7.34221.43
MinimumVisualStudioVersion = 10.0.40219.1
Project("{8BC9CEB8-8B4A-11D0-8D11-00A0C91BC942}") = "3", "3\3.vcxproj", "{20CB6C97-E758-4540-8718-F50064E263D9}"
EndProject
Global
	GlobalSection(SolutionConfigurationPlatforms) = preSolution
		Debug|x64 = Debug|x64
		Debug|x86 = Debug|x86
		Release|x64 = Release|x64
		Release|x86 = Release|x86
	EndGlobalSection
	GlobalSection(ProjectConfigurationPlatforms) = postSolution
		{20CB6C97-E758-4540-8718-F50064E263D9}.Debug|x64.ActiveCfg = Debug|x64
		{20CB6C97-E758-4540-8718-F50064E263D9}.Debug|x64.Build.0 = Debug|x64
		{20CB6C97-E758-4540-8718-F50064E263D9}.Debug|x86.ActiveCfg = Debug|Win32
		{20CB6C97-E758-4540-8718-F50064E263D9}.Debug|x86.Build.0 = Debug|Win32
		{20CB6C97-E758-4540-8718-F50064E263D9}.Release|x64.ActiveCfg = Release|x64
		{20CB6C97-E758-4540-8718-F50064E263D9}.Release|x64.Build.0 = Release|x64
		{20CB6C97-E758-4540-8718-F50064E263D9}.Release|x86.ActiveCfg = Release|Win32
		{20CB6C97-E758-4540-8718-F50064E263D9}.Release|x86.Build.0 = Release|Win32
	EndGlobalSection
	GlobalSection(SolutionProperties) = preSolution
		HideSolutionNode = FALSE
	EndGlobalSection
	GlobalSection(ExtensibilityGlobals) = postSolution
		SolutionGuid = {65C680BC-0CEA-400D-8358-40455CBE567C}
	EndGlobalSection
EndGlobal
